// !$*UTF8*$!
{
	archiveVersion = 1;
	classes = {
	};
	objectVersion = 46;
	objects = {

/* Begin PBXBuildFile section */
		104B513B1C28BF4C00811882 /* NSString+RemoveEmoji.m in Sources */ = {isa = PBXBuildFile; fileRef = 104B513A1C28BF4C00811882 /* NSString+RemoveEmoji.m */; };
		105802611C24C77D0024B75C /* AppDelegate.swift in Sources */ = {isa = PBXBuildFile; fileRef = 105802601C24C77D0024B75C /* AppDelegate.swift */; };
		105802631C24C77D0024B75C /* PostViewController.swift in Sources */ = {isa = PBXBuildFile; fileRef = 105802621C24C77D0024B75C /* PostViewController.swift */; };
		105802661C24C77D0024B75C /* Main.storyboard in Resources */ = {isa = PBXBuildFile; fileRef = 105802641C24C77D0024B75C /* Main.storyboard */; };
		105802691C24C77D0024B75C /* Tester_Tester.xcdatamodeld in Sources */ = {isa = PBXBuildFile; fileRef = 105802671C24C77D0024B75C /* Tester_Tester.xcdatamodeld */; };
		1058026B1C24C77E0024B75C /* Assets.xcassets in Resources */ = {isa = PBXBuildFile; fileRef = 1058026A1C24C77E0024B75C /* Assets.xcassets */; };
		1058026E1C24C77E0024B75C /* LaunchScreen.storyboard in Resources */ = {isa = PBXBuildFile; fileRef = 1058026C1C24C77E0024B75C /* LaunchScreen.storyboard */; };
		105802841C24C77E0024B75C /* Tester_TesterUITests.swift in Sources */ = {isa = PBXBuildFile; fileRef = 105802831C24C77E0024B75C /* Tester_TesterUITests.swift */; };
		1058029A1C24CA750024B75C /* FeedTableViewController.swift in Sources */ = {isa = PBXBuildFile; fileRef = 105802991C24CA750024B75C /* FeedTableViewController.swift */; };
		1058029F1C24CB4C0024B75C /* FeedTableViewCell.swift in Sources */ = {isa = PBXBuildFile; fileRef = 1058029D1C24CB4C0024B75C /* FeedTableViewCell.swift */; };
		10D3F7F81C27991C00A08EB7 /* vids in Resources */ = {isa = PBXBuildFile; fileRef = 10D3F7F71C27991C00A08EB7 /* vids */; };
		10D3F7FC1C279C2200A08EB7 /* Player.swift in Sources */ = {isa = PBXBuildFile; fileRef = 10D3F7FB1C279C2200A08EB7 /* Player.swift */; };
/* End PBXBuildFile section */

/* Begin PBXContainerItemProxy section */
		105802751C24C77E0024B75C /* PBXContainerItemProxy */ = {
			isa = PBXContainerItemProxy;
			containerPortal = 105802551C24C77D0024B75C /* Project object */;
			proxyType = 1;
			remoteGlobalIDString = 1058025C1C24C77D0024B75C;
			remoteInfo = "Tester Tester";
		};
		105802801C24C77E0024B75C /* PBXContainerItemProxy */ = {
			isa = PBXContainerItemProxy;
			containerPortal = 105802551C24C77D0024B75C /* Project object */;
			proxyType = 1;
			remoteGlobalIDString = 1058025C1C24C77D0024B75C;
			remoteInfo = "Tester Tester";
		};
		EF4C05101D047EB0008EA118 /* PBXContainerItemProxy */ = {
			isa = PBXContainerItemProxy;
			containerPortal = 105802551C24C77D0024B75C /* Project object */;
			proxyType = 1;
			remoteGlobalIDString = 1058025C1C24C77D0024B75C;
			remoteInfo = "Tester Tester";
		};
/* End PBXContainerItemProxy section */

/* Begin PBXFileReference section */
		104B51381C28BF4B00811882 /* Tester Tester-Bridging-Header.h */ = {isa = PBXFileReference; lastKnownFileType = sourcecode.c.h; path = "Tester Tester-Bridging-Header.h"; sourceTree = "<group>"; };
		104B51391C28BF4C00811882 /* NSString+RemoveEmoji.h */ = {isa = PBXFileReference; fileEncoding = 4; lastKnownFileType = sourcecode.c.h; path = "NSString+RemoveEmoji.h"; sourceTree = "<group>"; };
		104B513A1C28BF4C00811882 /* NSString+RemoveEmoji.m */ = {isa = PBXFileReference; fileEncoding = 4; lastKnownFileType = sourcecode.c.objc; path = "NSString+RemoveEmoji.m"; sourceTree = "<group>"; };
		1058025D1C24C77D0024B75C /* Tester Tester.app */ = {isa = PBXFileReference; explicitFileType = wrapper.application; includeInIndex = 0; path = "Tester Tester.app"; sourceTree = BUILT_PRODUCTS_DIR; };
		105802601C24C77D0024B75C /* AppDelegate.swift */ = {isa = PBXFileReference; lastKnownFileType = sourcecode.swift; path = AppDelegate.swift; sourceTree = "<group>"; };
		105802621C24C77D0024B75C /* PostViewController.swift */ = {isa = PBXFileReference; lastKnownFileType = sourcecode.swift; path = PostViewController.swift; sourceTree = "<group>"; };
		105802651C24C77D0024B75C /* Base */ = {isa = PBXFileReference; lastKnownFileType = file.storyboard; name = Base; path = Base.lproj/Main.storyboard; sourceTree = "<group>"; };
		105802681C24C77D0024B75C /* Tester_Tester.xcdatamodel */ = {isa = PBXFileReference; lastKnownFileType = wrapper.xcdatamodel; path = Tester_Tester.xcdatamodel; sourceTree = "<group>"; };
		1058026A1C24C77E0024B75C /* Assets.xcassets */ = {isa = PBXFileReference; lastKnownFileType = folder.assetcatalog; path = Assets.xcassets; sourceTree = "<group>"; };
		1058026D1C24C77E0024B75C /* Base */ = {isa = PBXFileReference; lastKnownFileType = file.storyboard; name = Base; path = Base.lproj/LaunchScreen.storyboard; sourceTree = "<group>"; };
		1058026F1C24C77E0024B75C /* Info.plist */ = {isa = PBXFileReference; lastKnownFileType = text.plist.xml; path = Info.plist; sourceTree = "<group>"; };
		105802741C24C77E0024B75C /* Tester TesterTests.xctest */ = {isa = PBXFileReference; explicitFileType = wrapper.cfbundle; includeInIndex = 0; path = "Tester TesterTests.xctest"; sourceTree = BUILT_PRODUCTS_DIR; };
		1058027F1C24C77E0024B75C /* Tester TesterUITests.xctest */ = {isa = PBXFileReference; explicitFileType = wrapper.cfbundle; includeInIndex = 0; path = "Tester TesterUITests.xctest"; sourceTree = BUILT_PRODUCTS_DIR; };
		105802831C24C77E0024B75C /* Tester_TesterUITests.swift */ = {isa = PBXFileReference; lastKnownFileType = sourcecode.swift; path = Tester_TesterUITests.swift; sourceTree = "<group>"; };
		105802851C24C77E0024B75C /* Info.plist */ = {isa = PBXFileReference; lastKnownFileType = text.plist.xml; path = Info.plist; sourceTree = "<group>"; };
		105802991C24CA750024B75C /* FeedTableViewController.swift */ = {isa = PBXFileReference; fileEncoding = 4; lastKnownFileType = sourcecode.swift; name = FeedTableViewController.swift; path = ../FeedTableViewController.swift; sourceTree = "<group>"; };
		1058029D1C24CB4C0024B75C /* FeedTableViewCell.swift */ = {isa = PBXFileReference; fileEncoding = 4; lastKnownFileType = sourcecode.swift; name = FeedTableViewCell.swift; path = ../FeedTableViewCell.swift; sourceTree = "<group>"; };
		10D3F7F71C27991C00A08EB7 /* vids */ = {isa = PBXFileReference; lastKnownFileType = folder; path = vids; sourceTree = "<group>"; };
		10D3F7FB1C279C2200A08EB7 /* Player.swift */ = {isa = PBXFileReference; fileEncoding = 4; lastKnownFileType = sourcecode.swift; path = Player.swift; sourceTree = "<group>"; };
		EF4C050B1D047EB0008EA118 /* Tester ObjCUITests.xctest */ = {isa = PBXFileReference; explicitFileType = wrapper.cfbundle; includeInIndex = 0; path = "Tester ObjCUITests.xctest"; sourceTree = BUILT_PRODUCTS_DIR; };
/* End PBXFileReference section */

/* Begin PBXFrameworksBuildPhase section */
		1058025A1C24C77D0024B75C /* Frameworks */ = {
			isa = PBXFrameworksBuildPhase;
			buildActionMask = 2147483647;
			files = (
			);
			runOnlyForDeploymentPostprocessing = 0;
		};
		105802711C24C77E0024B75C /* Frameworks */ = {
			isa = PBXFrameworksBuildPhase;
			buildActionMask = 2147483647;
			files = (
			);
			runOnlyForDeploymentPostprocessing = 0;
		};
		1058027C1C24C77E0024B75C /* Frameworks */ = {
			isa = PBXFrameworksBuildPhase;
			buildActionMask = 2147483647;
			files = (
			);
			runOnlyForDeploymentPostprocessing = 0;
		};
		EF4C05081D047EB0008EA118 /* Frameworks */ = {
			isa = PBXFrameworksBuildPhase;
			buildActionMask = 2147483647;
			files = (
			);
			runOnlyForDeploymentPostprocessing = 0;
		};
/* End PBXFrameworksBuildPhase section */

/* Begin PBXGroup section */
		105802541C24C77D0024B75C = {
			isa = PBXGroup;
			children = (
				1058025F1C24C77D0024B75C /* Tester Tester */,
				105802821C24C77E0024B75C /* Tester TesterUITests */,
				1058025E1C24C77D0024B75C /* Products */,
			);
			sourceTree = "<group>";
		};
		1058025E1C24C77D0024B75C /* Products */ = {
			isa = PBXGroup;
			children = (
				1058025D1C24C77D0024B75C /* Tester Tester.app */,
				105802741C24C77E0024B75C /* Tester TesterTests.xctest */,
				1058027F1C24C77E0024B75C /* Tester TesterUITests.xctest */,
				EF4C050B1D047EB0008EA118 /* Tester ObjCUITests.xctest */,
			);
			name = Products;
			sourceTree = "<group>";
		};
		1058025F1C24C77D0024B75C /* Tester Tester */ = {
			isa = PBXGroup;
			children = (
				105802A11C24D3F40024B75C /* Feed */,
				105802601C24C77D0024B75C /* AppDelegate.swift */,
				105802621C24C77D0024B75C /* PostViewController.swift */,
				105802641C24C77D0024B75C /* Main.storyboard */,
				10D3F7FB1C279C2200A08EB7 /* Player.swift */,
				1058026A1C24C77E0024B75C /* Assets.xcassets */,
				1058026C1C24C77E0024B75C /* LaunchScreen.storyboard */,
				1058026F1C24C77E0024B75C /* Info.plist */,
				104B51391C28BF4C00811882 /* NSString+RemoveEmoji.h */,
				104B513A1C28BF4C00811882 /* NSString+RemoveEmoji.m */,
				10D3F7F71C27991C00A08EB7 /* vids */,
				105802671C24C77D0024B75C /* Tester_Tester.xcdatamodeld */,
				104B51381C28BF4B00811882 /* Tester Tester-Bridging-Header.h */,
			);
			path = "Tester Tester";
			sourceTree = "<group>";
		};
		105802821C24C77E0024B75C /* Tester TesterUITests */ = {
			isa = PBXGroup;
			children = (
				105802831C24C77E0024B75C /* Tester_TesterUITests.swift */,
				105802851C24C77E0024B75C /* Info.plist */,
			);
			path = "Tester TesterUITests";
			sourceTree = "<group>";
		};
		105802A11C24D3F40024B75C /* Feed */ = {
			isa = PBXGroup;
			children = (
				105802991C24CA750024B75C /* FeedTableViewController.swift */,
				1058029D1C24CB4C0024B75C /* FeedTableViewCell.swift */,
			);
			name = Feed;
			sourceTree = "<group>";
		};
/* End PBXGroup section */

/* Begin PBXNativeTarget section */
		1058025C1C24C77D0024B75C /* Tester Tester */ = {
			isa = PBXNativeTarget;
			buildConfigurationList = 105802881C24C77E0024B75C /* Build configuration list for PBXNativeTarget "Tester Tester" */;
			buildPhases = (
				105802591C24C77D0024B75C /* Sources */,
				1058025A1C24C77D0024B75C /* Frameworks */,
				1058025B1C24C77D0024B75C /* Resources */,
			);
			buildRules = (
			);
			dependencies = (
			);
			name = "Tester Tester";
			productName = "Tester Tester";
			productReference = 1058025D1C24C77D0024B75C /* Tester Tester.app */;
			productType = "com.apple.product-type.application";
		};
		105802731C24C77E0024B75C /* Tester TesterTests */ = {
			isa = PBXNativeTarget;
			buildConfigurationList = 1058028B1C24C77E0024B75C /* Build configuration list for PBXNativeTarget "Tester TesterTests" */;
			buildPhases = (
				105802701C24C77E0024B75C /* Sources */,
				105802711C24C77E0024B75C /* Frameworks */,
				105802721C24C77E0024B75C /* Resources */,
			);
			buildRules = (
			);
			dependencies = (
				105802761C24C77E0024B75C /* PBXTargetDependency */,
			);
			name = "Tester TesterTests";
			productName = "Tester TesterTests";
			productReference = 105802741C24C77E0024B75C /* Tester TesterTests.xctest */;
			productType = "com.apple.product-type.bundle.unit-test";
		};
		1058027E1C24C77E0024B75C /* Tester TesterUITests */ = {
			isa = PBXNativeTarget;
			buildConfigurationList = 1058028E1C24C77E0024B75C /* Build configuration list for PBXNativeTarget "Tester TesterUITests" */;
			buildPhases = (
				1058027B1C24C77E0024B75C /* Sources */,
				1058027C1C24C77E0024B75C /* Frameworks */,
				1058027D1C24C77E0024B75C /* Resources */,
			);
			buildRules = (
			);
			dependencies = (
				105802811C24C77E0024B75C /* PBXTargetDependency */,
			);
			name = "Tester TesterUITests";
			productName = "Tester TesterUITests";
			productReference = 1058027F1C24C77E0024B75C /* Tester TesterUITests.xctest */;
			productType = "com.apple.product-type.bundle.ui-testing";
		};
		EF4C050A1D047EB0008EA118 /* Tester ObjCUITests */ = {
			isa = PBXNativeTarget;
			buildConfigurationList = EF4C05141D047EB0008EA118 /* Build configuration list for PBXNativeTarget "Tester ObjCUITests" */;
			buildPhases = (
				EF4C05071D047EB0008EA118 /* Sources */,
				EF4C05081D047EB0008EA118 /* Frameworks */,
				EF4C05091D047EB0008EA118 /* Resources */,
			);
			buildRules = (
			);
			dependencies = (
				EF4C05111D047EB0008EA118 /* PBXTargetDependency */,
			);
			name = "Tester ObjCUITests";
			productName = "Tester ObjCUITests";
			productReference = EF4C050B1D047EB0008EA118 /* Tester ObjCUITests.xctest */;
			productType = "com.apple.product-type.bundle.ui-testing";
		};
/* End PBXNativeTarget section */

/* Begin PBXProject section */
		105802551C24C77D0024B75C /* Project object */ = {
			isa = PBXProject;
			attributes = {
				LastSwiftUpdateCheck = 0720;
				LastUpgradeCheck = 0720;
				ORGANIZATIONNAME = Test;
				TargetAttributes = {
					1058025C1C24C77D0024B75C = {
						CreatedOnToolsVersion = 7.2;
						DevelopmentTeam = 43NRXF6T6B;
					};
					105802731C24C77E0024B75C = {
						CreatedOnToolsVersion = 7.2;
						TestTargetID = 1058025C1C24C77D0024B75C;
					};
					1058027E1C24C77E0024B75C = {
						CreatedOnToolsVersion = 7.2;
						TestTargetID = 1058025C1C24C77D0024B75C;
					};
					EF4C050A1D047EB0008EA118 = {
						CreatedOnToolsVersion = 7.3.1;
						DevelopmentTeam = NNGAJEPAAS;
						TestTargetID = 1058025C1C24C77D0024B75C;
					};
				};
			};
			buildConfigurationList = 105802581C24C77D0024B75C /* Build configuration list for PBXProject "Tester Tester" */;
			compatibilityVersion = "Xcode 3.2";
			developmentRegion = English;
			hasScannedForEncodings = 0;
			knownRegions = (
				en,
				Base,
			);
			mainGroup = 105802541C24C77D0024B75C;
			productRefGroup = 1058025E1C24C77D0024B75C /* Products */;
			projectDirPath = "";
			projectRoot = "";
			targets = (
				1058025C1C24C77D0024B75C /* Tester Tester */,
				105802731C24C77E0024B75C /* Tester TesterTests */,
				1058027E1C24C77E0024B75C /* Tester TesterUITests */,
				EF4C050A1D047EB0008EA118 /* Tester ObjCUITests */,
			);
		};
/* End PBXProject section */

/* Begin PBXResourcesBuildPhase section */
		1058025B1C24C77D0024B75C /* Resources */ = {
			isa = PBXResourcesBuildPhase;
			buildActionMask = 2147483647;
			files = (
				1058026E1C24C77E0024B75C /* LaunchScreen.storyboard in Resources */,
				1058026B1C24C77E0024B75C /* Assets.xcassets in Resources */,
				10D3F7F81C27991C00A08EB7 /* vids in Resources */,
				105802661C24C77D0024B75C /* Main.storyboard in Resources */,
			);
			runOnlyForDeploymentPostprocessing = 0;
		};
		105802721C24C77E0024B75C /* Resources */ = {
			isa = PBXResourcesBuildPhase;
			buildActionMask = 2147483647;
			files = (
			);
			runOnlyForDeploymentPostprocessing = 0;
		};
		1058027D1C24C77E0024B75C /* Resources */ = {
			isa = PBXResourcesBuildPhase;
			buildActionMask = 2147483647;
			files = (
			);
			runOnlyForDeploymentPostprocessing = 0;
		};
		EF4C05091D047EB0008EA118 /* Resources */ = {
			isa = PBXResourcesBuildPhase;
			buildActionMask = 2147483647;
			files = (
			);
			runOnlyForDeploymentPostprocessing = 0;
		};
/* End PBXResourcesBuildPhase section */

/* Begin PBXSourcesBuildPhase section */
		105802591C24C77D0024B75C /* Sources */ = {
			isa = PBXSourcesBuildPhase;
			buildActionMask = 2147483647;
			files = (
				105802691C24C77D0024B75C /* Tester_Tester.xcdatamodeld in Sources */,
				104B513B1C28BF4C00811882 /* NSString+RemoveEmoji.m in Sources */,
				105802631C24C77D0024B75C /* PostViewController.swift in Sources */,
				1058029A1C24CA750024B75C /* FeedTableViewController.swift in Sources */,
				105802611C24C77D0024B75C /* AppDelegate.swift in Sources */,
				10D3F7FC1C279C2200A08EB7 /* Player.swift in Sources */,
				1058029F1C24CB4C0024B75C /* FeedTableViewCell.swift in Sources */,
			);
			runOnlyForDeploymentPostprocessing = 0;
		};
		105802701C24C77E0024B75C /* Sources */ = {
			isa = PBXSourcesBuildPhase;
			buildActionMask = 2147483647;
			files = (
			);
			runOnlyForDeploymentPostprocessing = 0;
		};
		1058027B1C24C77E0024B75C /* Sources */ = {
			isa = PBXSourcesBuildPhase;
			buildActionMask = 2147483647;
			files = (
				105802841C24C77E0024B75C /* Tester_TesterUITests.swift in Sources */,
			);
			runOnlyForDeploymentPostprocessing = 0;
		};
		EF4C05071D047EB0008EA118 /* Sources */ = {
			isa = PBXSourcesBuildPhase;
			buildActionMask = 2147483647;
			files = (
			);
			runOnlyForDeploymentPostprocessing = 0;
		};
/* End PBXSourcesBuildPhase section */

/* Begin PBXTargetDependency section */
		105802761C24C77E0024B75C /* PBXTargetDependency */ = {
			isa = PBXTargetDependency;
			target = 1058025C1C24C77D0024B75C /* Tester Tester */;
			targetProxy = 105802751C24C77E0024B75C /* PBXContainerItemProxy */;
		};
		105802811C24C77E0024B75C /* PBXTargetDependency */ = {
			isa = PBXTargetDependency;
			target = 1058025C1C24C77D0024B75C /* Tester Tester */;
			targetProxy = 105802801C24C77E0024B75C /* PBXContainerItemProxy */;
		};
		EF4C05111D047EB0008EA118 /* PBXTargetDependency */ = {
			isa = PBXTargetDependency;
			target = 1058025C1C24C77D0024B75C /* Tester Tester */;
			targetProxy = EF4C05101D047EB0008EA118 /* PBXContainerItemProxy */;
		};
/* End PBXTargetDependency section */

/* Begin PBXVariantGroup section */
		105802641C24C77D0024B75C /* Main.storyboard */ = {
			isa = PBXVariantGroup;
			children = (
				105802651C24C77D0024B75C /* Base */,
			);
			name = Main.storyboard;
			sourceTree = "<group>";
		};
		1058026C1C24C77E0024B75C /* LaunchScreen.storyboard */ = {
			isa = PBXVariantGroup;
			children = (
				1058026D1C24C77E0024B75C /* Base */,
			);
			name = LaunchScreen.storyboard;
			sourceTree = "<group>";
		};
/* End PBXVariantGroup section */

/* Begin XCBuildConfiguration section */
		105802861C24C77E0024B75C /* Debug */ = {
			isa = XCBuildConfiguration;
			buildSettings = {
				ALWAYS_SEARCH_USER_PATHS = NO;
				CLANG_CXX_LANGUAGE_STANDARD = "gnu++0x";
				CLANG_CXX_LIBRARY = "libc++";
				CLANG_ENABLE_MODULES = YES;
				CLANG_ENABLE_OBJC_ARC = YES;
				CLANG_WARN_BOOL_CONVERSION = YES;
				CLANG_WARN_CONSTANT_CONVERSION = YES;
				CLANG_WARN_DIRECT_OBJC_ISA_USAGE = YES_ERROR;
				CLANG_WARN_EMPTY_BODY = YES;
				CLANG_WARN_ENUM_CONVERSION = YES;
				CLANG_WARN_INT_CONVERSION = YES;
				CLANG_WARN_OBJC_ROOT_CLASS = YES_ERROR;
				CLANG_WARN_UNREACHABLE_CODE = YES;
				CLANG_WARN__DUPLICATE_METHOD_MATCH = YES;
				"CODE_SIGN_IDENTITY[sdk=iphoneos*]" = "iPhone Developer";
				COPY_PHASE_STRIP = NO;
				DEBUG_INFORMATION_FORMAT = dwarf;
				ENABLE_STRICT_OBJC_MSGSEND = YES;
				ENABLE_TESTABILITY = YES;
				GCC_C_LANGUAGE_STANDARD = gnu99;
				GCC_DYNAMIC_NO_PIC = NO;
				GCC_NO_COMMON_BLOCKS = YES;
				GCC_OPTIMIZATION_LEVEL = 0;
				GCC_PREPROCESSOR_DEFINITIONS = (
					"DEBUG=1",
					"$(inherited)",
				);
				GCC_WARN_64_TO_32_BIT_CONVERSION = YES;
				GCC_WARN_ABOUT_RETURN_TYPE = YES_ERROR;
				GCC_WARN_UNDECLARED_SELECTOR = YES;
				GCC_WARN_UNINITIALIZED_AUTOS = YES_AGGRESSIVE;
				GCC_WARN_UNUSED_FUNCTION = YES;
				GCC_WARN_UNUSED_VARIABLE = YES;
				IPHONEOS_DEPLOYMENT_TARGET = 9.2;
				MTL_ENABLE_DEBUG_INFO = YES;
				ONLY_ACTIVE_ARCH = YES;
				SDKROOT = iphoneos;
				SWIFT_OPTIMIZATION_LEVEL = "-Onone";
			};
			name = Debug;
		};
		105802871C24C77E0024B75C /* Release */ = {
			isa = XCBuildConfiguration;
			buildSettings = {
				ALWAYS_SEARCH_USER_PATHS = NO;
				CLANG_CXX_LANGUAGE_STANDARD = "gnu++0x";
				CLANG_CXX_LIBRARY = "libc++";
				CLANG_ENABLE_MODULES = YES;
				CLANG_ENABLE_OBJC_ARC = YES;
				CLANG_WARN_BOOL_CONVERSION = YES;
				CLANG_WARN_CONSTANT_CONVERSION = YES;
				CLANG_WARN_DIRECT_OBJC_ISA_USAGE = YES_ERROR;
				CLANG_WARN_EMPTY_BODY = YES;
				CLANG_WARN_ENUM_CONVERSION = YES;
				CLANG_WARN_INT_CONVERSION = YES;
				CLANG_WARN_OBJC_ROOT_CLASS = YES_ERROR;
				CLANG_WARN_UNREACHABLE_CODE = YES;
				CLANG_WARN__DUPLICATE_METHOD_MATCH = YES;
				"CODE_SIGN_IDENTITY[sdk=iphoneos*]" = "iPhone Developer";
				COPY_PHASE_STRIP = NO;
				DEBUG_INFORMATION_FORMAT = "dwarf-with-dsym";
				ENABLE_NS_ASSERTIONS = NO;
				ENABLE_STRICT_OBJC_MSGSEND = YES;
				GCC_C_LANGUAGE_STANDARD = gnu99;
				GCC_NO_COMMON_BLOCKS = YES;
				GCC_WARN_64_TO_32_BIT_CONVERSION = YES;
				GCC_WARN_ABOUT_RETURN_TYPE = YES_ERROR;
				GCC_WARN_UNDECLARED_SELECTOR = YES;
				GCC_WARN_UNINITIALIZED_AUTOS = YES_AGGRESSIVE;
				GCC_WARN_UNUSED_FUNCTION = YES;
				GCC_WARN_UNUSED_VARIABLE = YES;
				IPHONEOS_DEPLOYMENT_TARGET = 9.2;
				MTL_ENABLE_DEBUG_INFO = NO;
				SDKROOT = iphoneos;
				VALIDATE_PRODUCT = YES;
			};
			name = Release;
		};
		105802891C24C77E0024B75C /* Debug */ = {
			isa = XCBuildConfiguration;
			buildSettings = {
				ASSETCATALOG_COMPILER_APPICON_NAME = AppIcon;
				CLANG_ENABLE_MODULES = YES;
				CODE_SIGN_IDENTITY = "iPhone Developer";
				"CODE_SIGN_IDENTITY[sdk=iphoneos*]" = "iPhone Developer";
				INFOPLIST_FILE = "Tester Tester/Info.plist";
				IPHONEOS_DEPLOYMENT_TARGET = 9.0;
				LD_RUNPATH_SEARCH_PATHS = "$(inherited) @executable_path/Frameworks";
				PRODUCT_BUNDLE_IDENTIFIER = "com.test.Tester-Tester";
				PRODUCT_NAME = "$(TARGET_NAME)";
				PROVISIONING_PROFILE = "";
				SWIFT_OBJC_BRIDGING_HEADER = "Tester Tester/Tester Tester-Bridging-Header.h";
				SWIFT_OPTIMIZATION_LEVEL = "-Onone";
			};
			name = Debug;
		};
		1058028A1C24C77E0024B75C /* Release */ = {
			isa = XCBuildConfiguration;
			buildSettings = {
				ASSETCATALOG_COMPILER_APPICON_NAME = AppIcon;
				CLANG_ENABLE_MODULES = YES;
				CODE_SIGN_IDENTITY = "iPhone Developer";
				"CODE_SIGN_IDENTITY[sdk=iphoneos*]" = "iPhone Developer";
				INFOPLIST_FILE = "Tester Tester/Info.plist";
				IPHONEOS_DEPLOYMENT_TARGET = 9.0;
				LD_RUNPATH_SEARCH_PATHS = "$(inherited) @executable_path/Frameworks";
				PRODUCT_BUNDLE_IDENTIFIER = "com.test.Tester-Tester";
				PRODUCT_NAME = "$(TARGET_NAME)";
				PROVISIONING_PROFILE = "";
				SWIFT_OBJC_BRIDGING_HEADER = "Tester Tester/Tester Tester-Bridging-Header.h";
			};
			name = Release;
		};
		1058028C1C24C77E0024B75C /* Debug */ = {
			isa = XCBuildConfiguration;
			buildSettings = {
				BUNDLE_LOADER = "$(TEST_HOST)";
				INFOPLIST_FILE = "Tester TesterTests/Info.plist";
				LD_RUNPATH_SEARCH_PATHS = "$(inherited) @executable_path/Frameworks @loader_path/Frameworks";
				PRODUCT_BUNDLE_IDENTIFIER = "com.test.Tester-TesterTests";
				PRODUCT_NAME = "$(TARGET_NAME)";
				TEST_HOST = "$(BUILT_PRODUCTS_DIR)/Tester Tester.app/Tester Tester";
			};
			name = Debug;
		};
		1058028D1C24C77E0024B75C /* Release */ = {
			isa = XCBuildConfiguration;
			buildSettings = {
				BUNDLE_LOADER = "$(TEST_HOST)";
				INFOPLIST_FILE = "Tester TesterTests/Info.plist";
				LD_RUNPATH_SEARCH_PATHS = "$(inherited) @executable_path/Frameworks @loader_path/Frameworks";
				PRODUCT_BUNDLE_IDENTIFIER = "com.test.Tester-TesterTests";
				PRODUCT_NAME = "$(TARGET_NAME)";
				TEST_HOST = "$(BUILT_PRODUCTS_DIR)/Tester Tester.app/Tester Tester";
			};
			name = Release;
		};
		1058028F1C24C77E0024B75C /* Debug */ = {
			isa = XCBuildConfiguration;
			buildSettings = {
				INFOPLIST_FILE = "Tester TesterUITests/Info.plist";
				LD_RUNPATH_SEARCH_PATHS = "$(inherited) @executable_path/Frameworks @loader_path/Frameworks";
				PRODUCT_BUNDLE_IDENTIFIER = "com.test.Tester-TesterUITests";
				PRODUCT_NAME = "$(TARGET_NAME)";
				TEST_TARGET_NAME = "Tester Tester";
				USES_XCTRUNNER = YES;
			};
			name = Debug;
		};
		105802901C24C77E0024B75C /* Release */ = {
			isa = XCBuildConfiguration;
			buildSettings = {
				INFOPLIST_FILE = "Tester TesterUITests/Info.plist";
				LD_RUNPATH_SEARCH_PATHS = "$(inherited) @executable_path/Frameworks @loader_path/Frameworks";
				PRODUCT_BUNDLE_IDENTIFIER = "com.test.Tester-TesterUITests";
				PRODUCT_NAME = "$(TARGET_NAME)";
				TEST_TARGET_NAME = "Tester Tester";
				USES_XCTRUNNER = YES;
			};
			name = Release;
		};
		EF4C05121D047EB0008EA118 /* Debug */ = {
			isa = XCBuildConfiguration;
			buildSettings = {
				CLANG_ANALYZER_NONNULL = YES;
				ENABLE_TESTABILITY = YES;
				INFOPLIST_FILE = "Tester ObjCUITests/Info.plist";
				IPHONEOS_DEPLOYMENT_TARGET = 9.3;
				LD_RUNPATH_SEARCH_PATHS = "$(inherited) @executable_path/Frameworks @loader_path/Frameworks";
				PRODUCT_BUNDLE_IDENTIFIER = "com.neu.Tester-ObjCUITests";
				PRODUCT_NAME = "$(TARGET_NAME)";
				TEST_TARGET_NAME = "Tester Tester";
			};
			name = Debug;
		};
		EF4C05131D047EB0008EA118 /* Release */ = {
			isa = XCBuildConfiguration;
			buildSettings = {
				CLANG_ANALYZER_NONNULL = YES;
				ENABLE_TESTABILITY = YES;
				INFOPLIST_FILE = "Tester ObjCUITests/Info.plist";
				IPHONEOS_DEPLOYMENT_TARGET = 9.3;
				LD_RUNPATH_SEARCH_PATHS = "$(inherited) @executable_path/Frameworks @loader_path/Frameworks";
				PRODUCT_BUNDLE_IDENTIFIER = "com.neu.Tester-ObjCUITests";
				PRODUCT_NAME = "$(TARGET_NAME)";
				TEST_TARGET_NAME = "Tester Tester";
			};
			name = Release;
		};
/* End XCBuildConfiguration section */

/* Begin XCConfigurationList section */
		105802581C24C77D0024B75C /* Build configuration list for PBXProject "Tester Tester" */ = {
			isa = XCConfigurationList;
			buildConfigurations = (
				105802861C24C77E0024B75C /* Debug */,
				105802871C24C77E0024B75C /* Release */,
			);
			defaultConfigurationIsVisible = 0;
			defaultConfigurationName = Release;
		};
		105802881C24C77E0024B75C /* Build configuration list for PBXNativeTarget "Tester Tester" */ = {
			isa = XCConfigurationList;
			buildConfigurations = (
				105802891C24C77E0024B75C /* Debug */,
				1058028A1C24C77E0024B75C /* Release */,
			);
			defaultConfigurationIsVisible = 0;
			defaultConfigurationName = Release;
		};
		1058028B1C24C77E0024B75C /* Build configuration list for PBXNativeTarget "Tester TesterTests" */ = {
			isa = XCConfigurationList;
			buildConfigurations = (
				1058028C1C24C77E0024B75C /* Debug */,
				1058028D1C24C77E0024B75C /* Release */,
			);
			defaultConfigurationIsVisible = 0;
			defaultConfigurationName = Release;
		};
		1058028E1C24C77E0024B75C /* Build configuration list for PBXNativeTarget "Tester TesterUITests" */ = {
			isa = XCConfigurationList;
			buildConfigurations = (
				1058028F1C24C77E0024B75C /* Debug */,
				105802901C24C77E0024B75C /* Release */,
			);
			defaultConfigurationIsVisible = 0;
			defaultConfigurationName = Release;
		};
		EF4C05141D047EB0008EA118 /* Build configuration list for PBXNativeTarget "Tester ObjCUITests" */ = {
			isa = XCConfigurationList;
			buildConfigurations = (
				EF4C05121D047EB0008EA118 /* Debug */,
				EF4C05131D047EB0008EA118 /* Release */,
			);
			defaultConfigurationIsVisible = 0;
			defaultConfigurationName = Release;
		};
/* End XCConfigurationList section */

/* Begin XCVersionGroup section */
		105802671C24C77D0024B75C /* Tester_Tester.xcdatamodeld */ = {
			isa = XCVersionGroup;
			children = (
				105802681C24C77D0024B75C /* Tester_Tester.xcdatamodel */,
			);
			currentVersion = 105802681C24C77D0024B75C /* Tester_Tester.xcdatamodel */;
			path = Tester_Tester.xcdatamodeld;
			sourceTree = "<group>";
			versionGroupType = wrapper.xcdatamodel;
		};
/* End XCVersionGroup section */
	};
	rootObject = 105802551C24C77D0024B75C /* Project object */;
}
